// !$*UTF8*$!
{
	archiveVersion = 1;
	classes = {
	};
	objectVersion = 55;
	objects = {

/* Begin PBXBuildFile section */
		F50ED58128AFFB8E006642F2 /* AppDelegate.swift in Sources */ = {isa = PBXBuildFile; fileRef = F50ED58028AFFB8E006642F2 /* AppDelegate.swift */; };
		F50ED58328AFFB8E006642F2 /* SceneDelegate.swift in Sources */ = {isa = PBXBuildFile; fileRef = F50ED58228AFFB8E006642F2 /* SceneDelegate.swift */; };
		F50ED58A28AFFB92006642F2 /* Assets.xcassets in Resources */ = {isa = PBXBuildFile; fileRef = F50ED58928AFFB92006642F2 /* Assets.xcassets */; };
		F50ED58D28AFFB92006642F2 /* LaunchScreen.storyboard in Resources */ = {isa = PBXBuildFile; fileRef = F50ED58B28AFFB92006642F2 /* LaunchScreen.storyboard */; };
		F50ED5B528AFFD3F006642F2 /* EmployeeDirectoryController.swift in Sources */ = {isa = PBXBuildFile; fileRef = F50ED5B428AFFD3F006642F2 /* EmployeeDirectoryController.swift */; };
		F50ED5B828B00DFE006642F2 /* Constants.swift in Sources */ = {isa = PBXBuildFile; fileRef = F50ED5B728B00DFE006642F2 /* Constants.swift */; };
		F50ED5BB28B00FD4006642F2 /* Employee.swift in Sources */ = {isa = PBXBuildFile; fileRef = F50ED5BA28B00FD4006642F2 /* Employee.swift */; };
		F50ED5BE28B014C9006642F2 /* EmployeesViewModel.swift in Sources */ = {isa = PBXBuildFile; fileRef = F50ED5BD28B014C9006642F2 /* EmployeesViewModel.swift */; };
		F50ED5C228B016BA006642F2 /* NetworkManager.swift in Sources */ = {isa = PBXBuildFile; fileRef = F50ED5C128B016BA006642F2 /* NetworkManager.swift */; };
		F50ED5C428B017A7006642F2 /* ServiceManager.swift in Sources */ = {isa = PBXBuildFile; fileRef = F50ED5C328B017A7006642F2 /* ServiceManager.swift */; };
		F50ED5C628B03313006642F2 /* EmployeeViewModel.swift in Sources */ = {isa = PBXBuildFile; fileRef = F50ED5C528B03313006642F2 /* EmployeeViewModel.swift */; };
		F59CABBC28B046F00063D4B4 /* EmployeesDataProvider.swift in Sources */ = {isa = PBXBuildFile; fileRef = F59CABBB28B046F00063D4B4 /* EmployeesDataProvider.swift */; };
		F59CABBE28B051360063D4B4 /* EmployeeTableViewCell.swift in Sources */ = {isa = PBXBuildFile; fileRef = F59CABBD28B051360063D4B4 /* EmployeeTableViewCell.swift */; };
		F59CABCC28B152060063D4B4 /* TestHelper.swift in Sources */ = {isa = PBXBuildFile; fileRef = F59CABCB28B152060063D4B4 /* TestHelper.swift */; };
		F5EB025528B1631900CB4F1D /* Success.json in Resources */ = {isa = PBXBuildFile; fileRef = F5EB025228B1631900CB4F1D /* Success.json */; };
		F5EB025628B1631900CB4F1D /* Success.json in Resources */ = {isa = PBXBuildFile; fileRef = F5EB025228B1631900CB4F1D /* Success.json */; };
		F5EB025728B1631900CB4F1D /* Empty.json in Resources */ = {isa = PBXBuildFile; fileRef = F5EB025328B1631900CB4F1D /* Empty.json */; };
		F5EB025828B1631900CB4F1D /* Empty.json in Resources */ = {isa = PBXBuildFile; fileRef = F5EB025328B1631900CB4F1D /* Empty.json */; };
		F5EB025928B1631900CB4F1D /* Malformed.json in Resources */ = {isa = PBXBuildFile; fileRef = F5EB025428B1631900CB4F1D /* Malformed.json */; };
		F5EB025A28B1631900CB4F1D /* Malformed.json in Resources */ = {isa = PBXBuildFile; fileRef = F5EB025428B1631900CB4F1D /* Malformed.json */; };
		F5EB025D28B1655A00CB4F1D /* ServiceManagerTests.swift in Sources */ = {isa = PBXBuildFile; fileRef = F5EB025B28B1655A00CB4F1D /* ServiceManagerTests.swift */; };
		F5EB026028B165D800CB4F1D /* EmployeesViewModelTests.swift in Sources */ = {isa = PBXBuildFile; fileRef = F5EB025E28B165D800CB4F1D /* EmployeesViewModelTests.swift */; };
		F5EB026228B16C8000CB4F1D /* MainCoordinator.swift in Sources */ = {isa = PBXBuildFile; fileRef = F50ED5B128AFFC85006642F2 /* MainCoordinator.swift */; };
		F5EB026528B16F1800CB4F1D /* MockNetworkManager.swift in Sources */ = {isa = PBXBuildFile; fileRef = F5EB026328B16F1800CB4F1D /* MockNetworkManager.swift */; };
		F5EB026828B175F500CB4F1D /* EmployeesViewModelMockDelegate.swift in Sources */ = {isa = PBXBuildFile; fileRef = F5EB026628B175F500CB4F1D /* EmployeesViewModelMockDelegate.swift */; };
/* End PBXBuildFile section */

/* Begin PBXContainerItemProxy section */
		F50ED59428AFFB92006642F2 /* PBXContainerItemProxy */ = {
			isa = PBXContainerItemProxy;
			containerPortal = F50ED57528AFFB8E006642F2 /* Project object */;
			proxyType = 1;
			remoteGlobalIDString = F50ED57C28AFFB8E006642F2;
			remoteInfo = brian_weissberg_squareproject;
		};
/* End PBXContainerItemProxy section */

/* Begin PBXFileReference section */
		F50ED57D28AFFB8E006642F2 /* brian_weissberg_squareproject.app */ = {isa = PBXFileReference; explicitFileType = wrapper.application; includeInIndex = 0; path = brian_weissberg_squareproject.app; sourceTree = BUILT_PRODUCTS_DIR; };
		F50ED58028AFFB8E006642F2 /* AppDelegate.swift */ = {isa = PBXFileReference; lastKnownFileType = sourcecode.swift; path = AppDelegate.swift; sourceTree = "<group>"; };
		F50ED58228AFFB8E006642F2 /* SceneDelegate.swift */ = {isa = PBXFileReference; lastKnownFileType = sourcecode.swift; path = SceneDelegate.swift; sourceTree = "<group>"; };
		F50ED58928AFFB92006642F2 /* Assets.xcassets */ = {isa = PBXFileReference; lastKnownFileType = folder.assetcatalog; path = Assets.xcassets; sourceTree = "<group>"; };
		F50ED58C28AFFB92006642F2 /* Base */ = {isa = PBXFileReference; lastKnownFileType = file.storyboard; name = Base; path = Base.lproj/LaunchScreen.storyboard; sourceTree = "<group>"; };
		F50ED58E28AFFB92006642F2 /* Info.plist */ = {isa = PBXFileReference; lastKnownFileType = text.plist.xml; path = Info.plist; sourceTree = "<group>"; };
		F50ED59328AFFB92006642F2 /* brian_weissberg_squareprojectTests.xctest */ = {isa = PBXFileReference; explicitFileType = wrapper.cfbundle; includeInIndex = 0; path = brian_weissberg_squareprojectTests.xctest; sourceTree = BUILT_PRODUCTS_DIR; };
		F50ED5B128AFFC85006642F2 /* MainCoordinator.swift */ = {isa = PBXFileReference; lastKnownFileType = sourcecode.swift; path = MainCoordinator.swift; sourceTree = "<group>"; };
		F50ED5B428AFFD3F006642F2 /* EmployeeDirectoryController.swift */ = {isa = PBXFileReference; lastKnownFileType = sourcecode.swift; path = EmployeeDirectoryController.swift; sourceTree = "<group>"; };
		F50ED5B728B00DFE006642F2 /* Constants.swift */ = {isa = PBXFileReference; lastKnownFileType = sourcecode.swift; path = Constants.swift; sourceTree = "<group>"; };
		F50ED5BA28B00FD4006642F2 /* Employee.swift */ = {isa = PBXFileReference; lastKnownFileType = sourcecode.swift; path = Employee.swift; sourceTree = "<group>"; };
		F50ED5BD28B014C9006642F2 /* EmployeesViewModel.swift */ = {isa = PBXFileReference; lastKnownFileType = sourcecode.swift; path = EmployeesViewModel.swift; sourceTree = "<group>"; };
		F50ED5C128B016BA006642F2 /* NetworkManager.swift */ = {isa = PBXFileReference; lastKnownFileType = sourcecode.swift; path = NetworkManager.swift; sourceTree = "<group>"; };
		F50ED5C328B017A7006642F2 /* ServiceManager.swift */ = {isa = PBXFileReference; lastKnownFileType = sourcecode.swift; path = ServiceManager.swift; sourceTree = "<group>"; };
		F50ED5C528B03313006642F2 /* EmployeeViewModel.swift */ = {isa = PBXFileReference; lastKnownFileType = sourcecode.swift; path = EmployeeViewModel.swift; sourceTree = "<group>"; };
		F59CABBB28B046F00063D4B4 /* EmployeesDataProvider.swift */ = {isa = PBXFileReference; lastKnownFileType = sourcecode.swift; path = EmployeesDataProvider.swift; sourceTree = "<group>"; };
		F59CABBD28B051360063D4B4 /* EmployeeTableViewCell.swift */ = {isa = PBXFileReference; lastKnownFileType = sourcecode.swift; path = EmployeeTableViewCell.swift; sourceTree = "<group>"; };
		F59CABCB28B152060063D4B4 /* TestHelper.swift */ = {isa = PBXFileReference; lastKnownFileType = sourcecode.swift; path = TestHelper.swift; sourceTree = "<group>"; };
		F5EB025228B1631900CB4F1D /* Success.json */ = {isa = PBXFileReference; fileEncoding = 4; lastKnownFileType = text.json; path = Success.json; sourceTree = "<group>"; };
		F5EB025328B1631900CB4F1D /* Empty.json */ = {isa = PBXFileReference; fileEncoding = 4; lastKnownFileType = text.json; path = Empty.json; sourceTree = "<group>"; };
		F5EB025428B1631900CB4F1D /* Malformed.json */ = {isa = PBXFileReference; fileEncoding = 4; lastKnownFileType = text.json; path = Malformed.json; sourceTree = "<group>"; };
		F5EB025B28B1655A00CB4F1D /* ServiceManagerTests.swift */ = {isa = PBXFileReference; lastKnownFileType = sourcecode.swift; path = ServiceManagerTests.swift; sourceTree = "<group>"; };
		F5EB025E28B165D800CB4F1D /* EmployeesViewModelTests.swift */ = {isa = PBXFileReference; lastKnownFileType = sourcecode.swift; path = EmployeesViewModelTests.swift; sourceTree = "<group>"; };
		F5EB026328B16F1800CB4F1D /* MockNetworkManager.swift */ = {isa = PBXFileReference; lastKnownFileType = sourcecode.swift; path = MockNetworkManager.swift; sourceTree = "<group>"; };
		F5EB026628B175F500CB4F1D /* EmployeesViewModelMockDelegate.swift */ = {isa = PBXFileReference; lastKnownFileType = sourcecode.swift; path = EmployeesViewModelMockDelegate.swift; sourceTree = "<group>"; };
/* End PBXFileReference section */

/* Begin PBXFrameworksBuildPhase section */
		F50ED57A28AFFB8E006642F2 /* Frameworks */ = {
			isa = PBXFrameworksBuildPhase;
			buildActionMask = 2147483647;
			files = (
			);
			runOnlyForDeploymentPostprocessing = 0;
		};
		F50ED59028AFFB92006642F2 /* Frameworks */ = {
			isa = PBXFrameworksBuildPhase;
			buildActionMask = 2147483647;
			files = (
			);
			runOnlyForDeploymentPostprocessing = 0;
		};
/* End PBXFrameworksBuildPhase section */

/* Begin PBXGroup section */
		F50ED57428AFFB8E006642F2 = {
			isa = PBXGroup;
			children = (
				F50ED57F28AFFB8E006642F2 /* brian_weissberg_squareproject */,
				F50ED59628AFFB92006642F2 /* brian_weissberg_squareprojectTests */,
				F50ED57E28AFFB8E006642F2 /* Products */,
			);
			sourceTree = "<group>";
		};
		F50ED57E28AFFB8E006642F2 /* Products */ = {
			isa = PBXGroup;
			children = (
				F50ED57D28AFFB8E006642F2 /* brian_weissberg_squareproject.app */,
				F50ED59328AFFB92006642F2 /* brian_weissberg_squareprojectTests.xctest */,
			);
			name = Products;
			sourceTree = "<group>";
		};
		F50ED57F28AFFB8E006642F2 /* brian_weissberg_squareproject */ = {
			isa = PBXGroup;
			children = (
				F50ED5BF28B016A5006642F2 /* Network */,
				F50ED5BC28B014B4006642F2 /* ViewModels */,
				F50ED5B928B00F8C006642F2 /* Models */,
				F50ED5B628B00DE4006642F2 /* Constants */,
				F50ED5B328AFFD2C006642F2 /* Controllers */,
				F50ED5B028AFFC76006642F2 /* Coordinator */,
				F50ED58028AFFB8E006642F2 /* AppDelegate.swift */,
				F50ED58228AFFB8E006642F2 /* SceneDelegate.swift */,
				F50ED58928AFFB92006642F2 /* Assets.xcassets */,
				F50ED58B28AFFB92006642F2 /* LaunchScreen.storyboard */,
				F50ED58E28AFFB92006642F2 /* Info.plist */,
			);
			path = brian_weissberg_squareproject;
			sourceTree = "<group>";
		};
		F50ED59628AFFB92006642F2 /* brian_weissberg_squareprojectTests */ = {
			isa = PBXGroup;
			children = (
				F5EB025B28B1655A00CB4F1D /* ServiceManagerTests.swift */,
				F5EB025E28B165D800CB4F1D /* EmployeesViewModelTests.swift */,
				F5EB026328B16F1800CB4F1D /* MockNetworkManager.swift */,
				F5EB026628B175F500CB4F1D /* EmployeesViewModelMockDelegate.swift */,
				F59CABCB28B152060063D4B4 /* TestHelper.swift */,
				F5EB025328B1631900CB4F1D /* Empty.json */,
				F5EB025428B1631900CB4F1D /* Malformed.json */,
				F5EB025228B1631900CB4F1D /* Success.json */,
			);
			path = brian_weissberg_squareprojectTests;
			sourceTree = "<group>";
		};
		F50ED5B028AFFC76006642F2 /* Coordinator */ = {
			isa = PBXGroup;
			children = (
				F50ED5B128AFFC85006642F2 /* MainCoordinator.swift */,
			);
			path = Coordinator;
			sourceTree = "<group>";
		};
		F50ED5B328AFFD2C006642F2 /* Controllers */ = {
			isa = PBXGroup;
			children = (
				F50ED5B428AFFD3F006642F2 /* EmployeeDirectoryController.swift */,
				F59CABBD28B051360063D4B4 /* EmployeeTableViewCell.swift */,
			);
			path = Controllers;
			sourceTree = "<group>";
		};
		F50ED5B628B00DE4006642F2 /* Constants */ = {
			isa = PBXGroup;
			children = (
				F50ED5B728B00DFE006642F2 /* Constants.swift */,
			);
			path = Constants;
			sourceTree = "<group>";
		};
		F50ED5B928B00F8C006642F2 /* Models */ = {
			isa = PBXGroup;
			children = (
				F50ED5BA28B00FD4006642F2 /* Employee.swift */,
			);
			path = Models;
			sourceTree = "<group>";
		};
		F50ED5BC28B014B4006642F2 /* ViewModels */ = {
			isa = PBXGroup;
			children = (
				F50ED5BD28B014C9006642F2 /* EmployeesViewModel.swift */,
				F50ED5C528B03313006642F2 /* EmployeeViewModel.swift */,
				F59CABBB28B046F00063D4B4 /* EmployeesDataProvider.swift */,
			);
			path = ViewModels;
			sourceTree = "<group>";
		};
		F50ED5BF28B016A5006642F2 /* Network */ = {
			isa = PBXGroup;
			children = (
				F50ED5C128B016BA006642F2 /* NetworkManager.swift */,
				F50ED5C328B017A7006642F2 /* ServiceManager.swift */,
			);
			path = Network;
			sourceTree = "<group>";
		};
/* End PBXGroup section */

/* Begin PBXNativeTarget section */
		F50ED57C28AFFB8E006642F2 /* brian_weissberg_squareproject */ = {
			isa = PBXNativeTarget;
			buildConfigurationList = F50ED5A728AFFB92006642F2 /* Build configuration list for PBXNativeTarget "brian_weissberg_squareproject" */;
			buildPhases = (
				F50ED57928AFFB8E006642F2 /* Sources */,
				F50ED57A28AFFB8E006642F2 /* Frameworks */,
				F50ED57B28AFFB8E006642F2 /* Resources */,
			);
			buildRules = (
			);
			dependencies = (
			);
			name = brian_weissberg_squareproject;
			productName = brian_weissberg_squareproject;
			productReference = F50ED57D28AFFB8E006642F2 /* brian_weissberg_squareproject.app */;
			productType = "com.apple.product-type.application";
		};
		F50ED59228AFFB92006642F2 /* brian_weissberg_squareprojectTests */ = {
			isa = PBXNativeTarget;
			buildConfigurationList = F50ED5AA28AFFB92006642F2 /* Build configuration list for PBXNativeTarget "brian_weissberg_squareprojectTests" */;
			buildPhases = (
				F50ED58F28AFFB92006642F2 /* Sources */,
				F50ED59028AFFB92006642F2 /* Frameworks */,
				F5EB024A28B1627E00CB4F1D /* Resources */,
			);
			buildRules = (
			);
			dependencies = (
				F50ED59528AFFB92006642F2 /* PBXTargetDependency */,
			);
			name = brian_weissberg_squareprojectTests;
			productName = brian_weissberg_squareprojectTests;
			productReference = F50ED59328AFFB92006642F2 /* brian_weissberg_squareprojectTests.xctest */;
			productType = "com.apple.product-type.bundle.unit-test";
		};
/* End PBXNativeTarget section */

/* Begin PBXProject section */
		F50ED57528AFFB8E006642F2 /* Project object */ = {
			isa = PBXProject;
			attributes = {
				BuildIndependentTargetsInParallel = 1;
				LastSwiftUpdateCheck = 1340;
				LastUpgradeCheck = 1340;
				TargetAttributes = {
					F50ED57C28AFFB8E006642F2 = {
						CreatedOnToolsVersion = 13.4.1;
					};
					F50ED59228AFFB92006642F2 = {
						CreatedOnToolsVersion = 13.4.1;
						TestTargetID = F50ED57C28AFFB8E006642F2;
					};
				};
			};
			buildConfigurationList = F50ED57828AFFB8E006642F2 /* Build configuration list for PBXProject "brian_weissberg_squareproject" */;
			compatibilityVersion = "Xcode 13.0";
			developmentRegion = en;
			hasScannedForEncodings = 0;
			knownRegions = (
				en,
				Base,
			);
			mainGroup = F50ED57428AFFB8E006642F2;
			productRefGroup = F50ED57E28AFFB8E006642F2 /* Products */;
			projectDirPath = "";
			projectRoot = "";
			targets = (
				F50ED57C28AFFB8E006642F2 /* brian_weissberg_squareproject */,
				F50ED59228AFFB92006642F2 /* brian_weissberg_squareprojectTests */,
			);
		};
/* End PBXProject section */

/* Begin PBXResourcesBuildPhase section */
		F50ED57B28AFFB8E006642F2 /* Resources */ = {
			isa = PBXResourcesBuildPhase;
			buildActionMask = 2147483647;
			files = (
				F50ED58D28AFFB92006642F2 /* LaunchScreen.storyboard in Resources */,
				F5EB025728B1631900CB4F1D /* Empty.json in Resources */,
				F5EB025528B1631900CB4F1D /* Success.json in Resources */,
				F5EB025928B1631900CB4F1D /* Malformed.json in Resources */,
				F50ED58A28AFFB92006642F2 /* Assets.xcassets in Resources */,
			);
			runOnlyForDeploymentPostprocessing = 0;
		};
		F5EB024A28B1627E00CB4F1D /* Resources */ = {
			isa = PBXResourcesBuildPhase;
			buildActionMask = 2147483647;
			files = (
				F5EB025628B1631900CB4F1D /* Success.json in Resources */,
				F5EB025828B1631900CB4F1D /* Empty.json in Resources */,
				F5EB025A28B1631900CB4F1D /* Malformed.json in Resources */,
			);
			runOnlyForDeploymentPostprocessing = 0;
		};
/* End PBXResourcesBuildPhase section */

/* Begin PBXSourcesBuildPhase section */
		F50ED57928AFFB8E006642F2 /* Sources */ = {
			isa = PBXSourcesBuildPhase;
			buildActionMask = 2147483647;
			files = (
				F50ED5B828B00DFE006642F2 /* Constants.swift in Sources */,
				F5EB026228B16C8000CB4F1D /* MainCoordinator.swift in Sources */,
				F50ED5BB28B00FD4006642F2 /* Employee.swift in Sources */,
				F50ED5C428B017A7006642F2 /* ServiceManager.swift in Sources */,
				F50ED5BE28B014C9006642F2 /* EmployeesViewModel.swift in Sources */,
				F50ED5B528AFFD3F006642F2 /* EmployeeDirectoryController.swift in Sources */,
				F59CABBE28B051360063D4B4 /* EmployeeTableViewCell.swift in Sources */,
				F59CABBC28B046F00063D4B4 /* EmployeesDataProvider.swift in Sources */,
				F50ED5C228B016BA006642F2 /* NetworkManager.swift in Sources */,
				F50ED58128AFFB8E006642F2 /* AppDelegate.swift in Sources */,
				F50ED5C628B03313006642F2 /* EmployeeViewModel.swift in Sources */,
				F50ED58328AFFB8E006642F2 /* SceneDelegate.swift in Sources */,
			);
			runOnlyForDeploymentPostprocessing = 0;
		};
		F50ED58F28AFFB92006642F2 /* Sources */ = {
			isa = PBXSourcesBuildPhase;
			buildActionMask = 2147483647;
			files = (
				F5EB025D28B1655A00CB4F1D /* ServiceManagerTests.swift in Sources */,
				F5EB026028B165D800CB4F1D /* EmployeesViewModelTests.swift in Sources */,
				F5EB026528B16F1800CB4F1D /* MockNetworkManager.swift in Sources */,
				F59CABCC28B152060063D4B4 /* TestHelper.swift in Sources */,
				F5EB026828B175F500CB4F1D /* EmployeesViewModelMockDelegate.swift in Sources */,
			);
			runOnlyForDeploymentPostprocessing = 0;
		};
/* End PBXSourcesBuildPhase section */

/* Begin PBXTargetDependency section */
		F50ED59528AFFB92006642F2 /* PBXTargetDependency */ = {
			isa = PBXTargetDependency;
			target = F50ED57C28AFFB8E006642F2 /* brian_weissberg_squareproject */;
			targetProxy = F50ED59428AFFB92006642F2 /* PBXContainerItemProxy */;
		};
/* End PBXTargetDependency section */

/* Begin PBXVariantGroup section */
		F50ED58B28AFFB92006642F2 /* LaunchScreen.storyboard */ = {
			isa = PBXVariantGroup;
			children = (
				F50ED58C28AFFB92006642F2 /* Base */,
			);
			name = LaunchScreen.storyboard;
			sourceTree = "<group>";
		};
/* End PBXVariantGroup section */

/* Begin XCBuildConfiguration section */
		F50ED5A528AFFB92006642F2 /* Debug */ = {
			isa = XCBuildConfiguration;
			buildSettings = {
				ALWAYS_SEARCH_USER_PATHS = NO;
				CLANG_ANALYZER_NONNULL = YES;
				CLANG_ANALYZER_NUMBER_OBJECT_CONVERSION = YES_AGGRESSIVE;
				CLANG_CXX_LANGUAGE_STANDARD = "gnu++17";
				CLANG_ENABLE_MODULES = YES;
				CLANG_ENABLE_OBJC_ARC = YES;
				CLANG_ENABLE_OBJC_WEAK = YES;
				CLANG_WARN_BLOCK_CAPTURE_AUTORELEASING = YES;
				CLANG_WARN_BOOL_CONVERSION = YES;
				CLANG_WARN_COMMA = YES;
				CLANG_WARN_CONSTANT_CONVERSION = YES;
				CLANG_WARN_DEPRECATED_OBJC_IMPLEMENTATIONS = YES;
				CLANG_WARN_DIRECT_OBJC_ISA_USAGE = YES_ERROR;
				CLANG_WARN_DOCUMENTATION_COMMENTS = YES;
				CLANG_WARN_EMPTY_BODY = YES;
				CLANG_WARN_ENUM_CONVERSION = YES;
				CLANG_WARN_INFINITE_RECURSION = YES;
				CLANG_WARN_INT_CONVERSION = YES;
				CLANG_WARN_NON_LITERAL_NULL_CONVERSION = YES;
				CLANG_WARN_OBJC_IMPLICIT_RETAIN_SELF = YES;
				CLANG_WARN_OBJC_LITERAL_CONVERSION = YES;
				CLANG_WARN_OBJC_ROOT_CLASS = YES_ERROR;
				CLANG_WARN_QUOTED_INCLUDE_IN_FRAMEWORK_HEADER = YES;
				CLANG_WARN_RANGE_LOOP_ANALYSIS = YES;
				CLANG_WARN_STRICT_PROTOTYPES = YES;
				CLANG_WARN_SUSPICIOUS_MOVE = YES;
				CLANG_WARN_UNGUARDED_AVAILABILITY = YES_AGGRESSIVE;
				CLANG_WARN_UNREACHABLE_CODE = YES;
				CLANG_WARN__DUPLICATE_METHOD_MATCH = YES;
				COPY_PHASE_STRIP = NO;
				DEBUG_INFORMATION_FORMAT = dwarf;
				ENABLE_STRICT_OBJC_MSGSEND = YES;
				ENABLE_TESTABILITY = YES;
				GCC_C_LANGUAGE_STANDARD = gnu11;
				GCC_DYNAMIC_NO_PIC = NO;
				GCC_NO_COMMON_BLOCKS = YES;
				GCC_OPTIMIZATION_LEVEL = 0;
				GCC_PREPROCESSOR_DEFINITIONS = (
					"DEBUG=1",
					"$(inherited)",
				);
				GCC_WARN_64_TO_32_BIT_CONVERSION = YES;
				GCC_WARN_ABOUT_RETURN_TYPE = YES_ERROR;
				GCC_WARN_UNDECLARED_SELECTOR = YES;
				GCC_WARN_UNINITIALIZED_AUTOS = YES_AGGRESSIVE;
				GCC_WARN_UNUSED_FUNCTION = YES;
				GCC_WARN_UNUSED_VARIABLE = YES;
				IPHONEOS_DEPLOYMENT_TARGET = 15.5;
				MTL_ENABLE_DEBUG_INFO = INCLUDE_SOURCE;
				MTL_FAST_MATH = YES;
				ONLY_ACTIVE_ARCH = YES;
				SDKROOT = iphoneos;
				SWIFT_ACTIVE_COMPILATION_CONDITIONS = DEBUG;
				SWIFT_OPTIMIZATION_LEVEL = "-Onone";
			};
			name = Debug;
		};
		F50ED5A628AFFB92006642F2 /* Release */ = {
			isa = XCBuildConfiguration;
			buildSettings = {
				ALWAYS_SEARCH_USER_PATHS = NO;
				CLANG_ANALYZER_NONNULL = YES;
				CLANG_ANALYZER_NUMBER_OBJECT_CONVERSION = YES_AGGRESSIVE;
				CLANG_CXX_LANGUAGE_STANDARD = "gnu++17";
				CLANG_ENABLE_MODULES = YES;
				CLANG_ENABLE_OBJC_ARC = YES;
				CLANG_ENABLE_OBJC_WEAK = YES;
				CLANG_WARN_BLOCK_CAPTURE_AUTORELEASING = YES;
				CLANG_WARN_BOOL_CONVERSION = YES;
				CLANG_WARN_COMMA = YES;
				CLANG_WARN_CONSTANT_CONVERSION = YES;
				CLANG_WARN_DEPRECATED_OBJC_IMPLEMENTATIONS = YES;
				CLANG_WARN_DIRECT_OBJC_ISA_USAGE = YES_ERROR;
				CLANG_WARN_DOCUMENTATION_COMMENTS = YES;
				CLANG_WARN_EMPTY_BODY = YES;
				CLANG_WARN_ENUM_CONVERSION = YES;
				CLANG_WARN_INFINITE_RECURSION = YES;
				CLANG_WARN_INT_CONVERSION = YES;
				CLANG_WARN_NON_LITERAL_NULL_CONVERSION = YES;
				CLANG_WARN_OBJC_IMPLICIT_RETAIN_SELF = YES;
				CLANG_WARN_OBJC_LITERAL_CONVERSION = YES;
				CLANG_WARN_OBJC_ROOT_CLASS = YES_ERROR;
				CLANG_WARN_QUOTED_INCLUDE_IN_FRAMEWORK_HEADER = YES;
				CLANG_WARN_RANGE_LOOP_ANALYSIS = YES;
				CLANG_WARN_STRICT_PROTOTYPES = YES;
				CLANG_WARN_SUSPICIOUS_MOVE = YES;
				CLANG_WARN_UNGUARDED_AVAILABILITY = YES_AGGRESSIVE;
				CLANG_WARN_UNREACHABLE_CODE = YES;
				CLANG_WARN__DUPLICATE_METHOD_MATCH = YES;
				COPY_PHASE_STRIP = NO;
				DEBUG_INFORMATION_FORMAT = "dwarf-with-dsym";
				ENABLE_NS_ASSERTIONS = NO;
				ENABLE_STRICT_OBJC_MSGSEND = YES;
				GCC_C_LANGUAGE_STANDARD = gnu11;
				GCC_NO_COMMON_BLOCKS = YES;
				GCC_WARN_64_TO_32_BIT_CONVERSION = YES;
				GCC_WARN_ABOUT_RETURN_TYPE = YES_ERROR;
				GCC_WARN_UNDECLARED_SELECTOR = YES;
				GCC_WARN_UNINITIALIZED_AUTOS = YES_AGGRESSIVE;
				GCC_WARN_UNUSED_FUNCTION = YES;
				GCC_WARN_UNUSED_VARIABLE = YES;
				IPHONEOS_DEPLOYMENT_TARGET = 15.5;
				MTL_ENABLE_DEBUG_INFO = NO;
				MTL_FAST_MATH = YES;
				SDKROOT = iphoneos;
				SWIFT_COMPILATION_MODE = wholemodule;
				SWIFT_OPTIMIZATION_LEVEL = "-O";
				VALIDATE_PRODUCT = YES;
			};
			name = Release;
		};
		F50ED5A828AFFB92006642F2 /* Debug */ = {
			isa = XCBuildConfiguration;
			buildSettings = {
				ASSETCATALOG_COMPILER_APPICON_NAME = AppIcon;
				ASSETCATALOG_COMPILER_GLOBAL_ACCENT_COLOR_NAME = AccentColor;
				CODE_SIGN_STYLE = Automatic;
				CURRENT_PROJECT_VERSION = 1;
				DEVELOPMENT_TEAM = RQ8LK92JZ2;
				GENERATE_INFOPLIST_FILE = YES;
				INFOPLIST_FILE = brian_weissberg_squareproject/Info.plist;
				INFOPLIST_KEY_UIApplicationSupportsIndirectInputEvents = YES;
				INFOPLIST_KEY_UILaunchStoryboardName = LaunchScreen;
				INFOPLIST_KEY_UISupportedInterfaceOrientations = UIInterfaceOrientationPortrait;
				INFOPLIST_KEY_UISupportedInterfaceOrientations_iPad = "UIInterfaceOrientationPortrait UIInterfaceOrientationPortraitUpsideDown UIInterfaceOrientationLandscapeLeft UIInterfaceOrientationLandscapeRight";
				INFOPLIST_KEY_UISupportedInterfaceOrientations_iPhone = "UIInterfaceOrientationPortrait UIInterfaceOrientationLandscapeLeft UIInterfaceOrientationLandscapeRight";
				LD_RUNPATH_SEARCH_PATHS = (
					"$(inherited)",
					"@executable_path/Frameworks",
				);
				MARKETING_VERSION = 1.0;
				PRODUCT_BUNDLE_IDENTIFIER = "BrianWeissberg.brian-weissberg-squareproject";
				PRODUCT_NAME = "$(TARGET_NAME)";
				SWIFT_EMIT_LOC_STRINGS = YES;
				SWIFT_VERSION = 5.0;
				TARGETED_DEVICE_FAMILY = 1;
			};
			name = Debug;
		};
		F50ED5A928AFFB92006642F2 /* Release */ = {
			isa = XCBuildConfiguration;
			buildSettings = {
				ASSETCATALOG_COMPILER_APPICON_NAME = AppIcon;
				ASSETCATALOG_COMPILER_GLOBAL_ACCENT_COLOR_NAME = AccentColor;
				CODE_SIGN_STYLE = Automatic;
				CURRENT_PROJECT_VERSION = 1;
				DEVELOPMENT_TEAM = RQ8LK92JZ2;
				GENERATE_INFOPLIST_FILE = YES;
				INFOPLIST_FILE = brian_weissberg_squareproject/Info.plist;
				INFOPLIST_KEY_UIApplicationSupportsIndirectInputEvents = YES;
				INFOPLIST_KEY_UILaunchStoryboardName = LaunchScreen;
				INFOPLIST_KEY_UISupportedInterfaceOrientations = UIInterfaceOrientationPortrait;
				INFOPLIST_KEY_UISupportedInterfaceOrientations_iPad = "UIInterfaceOrientationPortrait UIInterfaceOrientationPortraitUpsideDown UIInterfaceOrientationLandscapeLeft UIInterfaceOrientationLandscapeRight";
				INFOPLIST_KEY_UISupportedInterfaceOrientations_iPhone = "UIInterfaceOrientationPortrait UIInterfaceOrientationLandscapeLeft UIInterfaceOrientationLandscapeRight";
				LD_RUNPATH_SEARCH_PATHS = (
					"$(inherited)",
					"@executable_path/Frameworks",
				);
				MARKETING_VERSION = 1.0;
				PRODUCT_BUNDLE_IDENTIFIER = "BrianWeissberg.brian-weissberg-squareproject";
				PRODUCT_NAME = "$(TARGET_NAME)";
				SWIFT_EMIT_LOC_STRINGS = YES;
				SWIFT_VERSION = 5.0;
				TARGETED_DEVICE_FAMILY = 1;
			};
			name = Release;
		};
		F50ED5AB28AFFB92006642F2 /* Debug */ = {
			isa = XCBuildConfiguration;
			buildSettings = {
				ALWAYS_EMBED_SWIFT_STANDARD_LIBRARIES = YES;
				BUNDLE_LOADER = "$(TEST_HOST)";
				CODE_SIGN_STYLE = Automatic;
				CURRENT_PROJECT_VERSION = 1;
				DEVELOPMENT_TEAM = RQ8LK92JZ2;
				GENERATE_INFOPLIST_FILE = YES;
				IPHONEOS_DEPLOYMENT_TARGET = 15.5;
				MARKETING_VERSION = 1.0;
				PRODUCT_BUNDLE_IDENTIFIER = "BrianWeissberg.brian-weissberg-squareprojectTests";
				PRODUCT_NAME = "$(TARGET_NAME)";
				SWIFT_EMIT_LOC_STRINGS = NO;
				SWIFT_VERSION = 5.0;
				TARGETED_DEVICE_FAMILY = "1,2";
				TEST_HOST = "$(BUILT_PRODUCTS_DIR)/brian_weissberg_squareproject.app/brian_weissberg_squareproject";
			};
			name = Debug;
		};
		F50ED5AC28AFFB92006642F2 /* Release */ = {
			isa = XCBuildConfiguration;
			buildSettings = {
				ALWAYS_EMBED_SWIFT_STANDARD_LIBRARIES = YES;
				BUNDLE_LOADER = "$(TEST_HOST)";
				CODE_SIGN_STYLE = Automatic;
				CURRENT_PROJECT_VERSION = 1;
				DEVELOPMENT_TEAM = RQ8LK92JZ2;
				GENERATE_INFOPLIST_FILE = YES;
				IPHONEOS_DEPLOYMENT_TARGET = 15.5;
				MARKETING_VERSION = 1.0;
				PRODUCT_BUNDLE_IDENTIFIER = "BrianWeissberg.brian-weissberg-squareprojectTests";
				PRODUCT_NAME = "$(TARGET_NAME)";
				SWIFT_EMIT_LOC_STRINGS = NO;
				SWIFT_VERSION = 5.0;
				TARGETED_DEVICE_FAMILY = "1,2";
				TEST_HOST = "$(BUILT_PRODUCTS_DIR)/brian_weissberg_squareproject.app/brian_weissberg_squareproject";
			};
			name = Release;
		};
/* End XCBuildConfiguration section */

/* Begin XCConfigurationList section */
		F50ED57828AFFB8E006642F2 /* Build configuration list for PBXProject "brian_weissberg_squareproject" */ = {
			isa = XCConfigurationList;
			buildConfigurations = (
				F50ED5A528AFFB92006642F2 /* Debug */,
				F50ED5A628AFFB92006642F2 /* Release */,
			);
			defaultConfigurationIsVisible = 0;
			defaultConfigurationName = Release;
		};
		F50ED5A728AFFB92006642F2 /* Build configuration list for PBXNativeTarget "brian_weissberg_squareproject" */ = {
			isa = XCConfigurationList;
			buildConfigurations = (
				F50ED5A828AFFB92006642F2 /* Debug */,
				F50ED5A928AFFB92006642F2 /* Release */,
			);
			defaultConfigurationIsVisible = 0;
			defaultConfigurationName = Release;
		};
		F50ED5AA28AFFB92006642F2 /* Build configuration list for PBXNativeTarget "brian_weissberg_squareprojectTests" */ = {
			isa = XCConfigurationList;
			buildConfigurations = (
				F50ED5AB28AFFB92006642F2 /* Debug */,
				F50ED5AC28AFFB92006642F2 /* Release */,
			);
			defaultConfigurationIsVisible = 0;
			defaultConfigurationName = Release;
		};
/* End XCConfigurationList section */
	};
	rootObject = F50ED57528AFFB8E006642F2 /* Project object */;
}
